# This file is autogenerated, do not edit; changes may be undone by the next 'dep ensure'.


[[projects]]
  digest = "1:238ac27339b4bc04a39621502d0a8fe981d5a0b363d776475d9a0c9235bb967b"
  name = "github.com/Azure/azure-sdk-for-go"
  packages = [
    "services/cognitiveservices/v2.1/textanalytics",
    "version",
  ]
  pruneopts = ""
  revision = "de65d71d3102a1ca9dee41db58aa57c7fdafed7f"
  version = "v33.0.0"

[[projects]]
  digest = "1:efcafb778b0300e3a27d686c0e34c9d61ee03a6fadf942fb2458d3ec014e2d2a"
  name = "github.com/Azure/go-autorest"
  packages = [
    "autorest",
    "autorest/adal",
    "autorest/azure",
    "autorest/date",
    "logger",
    "tracing",
  ]
  pruneopts = ""
  revision = "5e7a399d8bbf4953ab0c8e3167d7fd535fd74ce1"
  version = "v13.0.0"

[[projects]]
  digest = "1:aaa4985bc6d91b26f2b0d24df5fc331df6a70d6d55f06b9b8ad6d5f219a884a5"
  name = "github.com/aws/aws-lambda-go"
  packages = [
    "events",
    "lambda",
    "lambda/handlertrace",
    "lambda/messages",
    "lambdacontext",
  ]
  pruneopts = ""
  revision = "fe4f484f034626157ca7deb2ddb418ffac99a9a6"
  version = "v1.13.1"

[[projects]]
  digest = "1:6098222470fe0172157ce9bbef5d2200df4edde17ee649c5d6e48330e4afa4c6"
  name = "github.com/dgrijalva/jwt-go"
  packages = ["."]
  pruneopts = ""
  revision = "06ea1031745cb8b3dab3f6a236daf2b0aa468b7e"
  version = "v3.2.0"

[solve-meta]
  analyzer-name = "dep"
  analyzer-version = 1
  input-imports = [
    "github.com/Azure/azure-sdk-for-go/services/cognitiveservices/v2.1/textanalytics",
    "github.com/Azure/go-autorest/autorest",
    "github.com/aws/aws-lambda-go/events",
    "github.com/aws/aws-lambda-go/lambda",
  ]
  solver-name = "gps-cdcl"
  solver-version = 1
